// !$*UTF8*$!
{
	archiveVersion = 1;
	classes = {
	};
	objectVersion = 50;
	objects = {

/* Begin PBXBuildFile section */
		B51BF8C5256C349B00B95E0D /* MemoryGame.swift in Sources */ = {isa = PBXBuildFile; fileRef = B51BF8C4256C349B00B95E0D /* MemoryGame.swift */; };
		B51BF8C8256C36B400B95E0D /* EmojiMemoryGame.swift in Sources */ = {isa = PBXBuildFile; fileRef = B51BF8C7256C36B400B95E0D /* EmojiMemoryGame.swift */; };
		B51BF953256ED10900B95E0D /* Grid.swift in Sources */ = {isa = PBXBuildFile; fileRef = B51BF952256ED10900B95E0D /* Grid.swift */; };
		B51BF95A256ED7A500B95E0D /* GridLayout.swift in Sources */ = {isa = PBXBuildFile; fileRef = B51BF959256ED7A500B95E0D /* GridLayout.swift */; };
		B51BF95D256EDF6000B95E0D /* Array+Identifiable.swift in Sources */ = {isa = PBXBuildFile; fileRef = B51BF95C256EDF6000B95E0D /* Array+Identifiable.swift */; };
		B5700656257E889C00CBF92A /* Pie.swift in Sources */ = {isa = PBXBuildFile; fileRef = B5700655257E889C00CBF92A /* Pie.swift */; };
		B5700659257EA84D00CBF92A /* Cardify.swift in Sources */ = {isa = PBXBuildFile; fileRef = B5700658257EA84D00CBF92A /* Cardify.swift */; };
		B57A20DD257167DB003B4014 /* Array+Only.swift in Sources */ = {isa = PBXBuildFile; fileRef = B57A20DC257167DB003B4014 /* Array+Only.swift */; };
		B5818F262566919A00C6B7F0 /* MemorizeApp.swift in Sources */ = {isa = PBXBuildFile; fileRef = B5818F252566919A00C6B7F0 /* MemorizeApp.swift */; };
		B5818F282566919A00C6B7F0 /* EmojiMemoryGameView.swift in Sources */ = {isa = PBXBuildFile; fileRef = B5818F272566919A00C6B7F0 /* EmojiMemoryGameView.swift */; };
		B5818F2A2566919B00C6B7F0 /* Assets.xcassets in Resources */ = {isa = PBXBuildFile; fileRef = B5818F292566919B00C6B7F0 /* Assets.xcassets */; };
		B5818F2D2566919B00C6B7F0 /* Preview Assets.xcassets in Resources */ = {isa = PBXBuildFile; fileRef = B5818F2C2566919B00C6B7F0 /* Preview Assets.xcassets */; };
/* End PBXBuildFile section */

/* Begin PBXFileReference section */
		B51BF8C4256C349B00B95E0D /* MemoryGame.swift */ = {isa = PBXFileReference; lastKnownFileType = sourcecode.swift; path = MemoryGame.swift; sourceTree = "<group>"; };
		B51BF8C7256C36B400B95E0D /* EmojiMemoryGame.swift */ = {isa = PBXFileReference; lastKnownFileType = sourcecode.swift; path = EmojiMemoryGame.swift; sourceTree = "<group>"; };
		B51BF952256ED10900B95E0D /* Grid.swift */ = {isa = PBXFileReference; lastKnownFileType = sourcecode.swift; path = Grid.swift; sourceTree = "<group>"; };
		B51BF959256ED7A500B95E0D /* GridLayout.swift */ = {isa = PBXFileReference; fileEncoding = 4; lastKnownFileType = sourcecode.swift; path = GridLayout.swift; sourceTree = "<group>"; };
		B51BF95C256EDF6000B95E0D /* Array+Identifiable.swift */ = {isa = PBXFileReference; lastKnownFileType = sourcecode.swift; path = "Array+Identifiable.swift"; sourceTree = "<group>"; };
		B5700655257E889C00CBF92A /* Pie.swift */ = {isa = PBXFileReference; lastKnownFileType = sourcecode.swift; path = Pie.swift; sourceTree = "<group>"; };
		B5700658257EA84D00CBF92A /* Cardify.swift */ = {isa = PBXFileReference; lastKnownFileType = sourcecode.swift; path = Cardify.swift; sourceTree = "<group>"; };
		B57A20DC257167DB003B4014 /* Array+Only.swift */ = {isa = PBXFileReference; lastKnownFileType = sourcecode.swift; path = "Array+Only.swift"; sourceTree = "<group>"; };
		B5818F222566919A00C6B7F0 /* Memorize.app */ = {isa = PBXFileReference; explicitFileType = wrapper.application; includeInIndex = 0; path = Memorize.app; sourceTree = BUILT_PRODUCTS_DIR; };
		B5818F252566919A00C6B7F0 /* MemorizeApp.swift */ = {isa = PBXFileReference; lastKnownFileType = sourcecode.swift; path = MemorizeApp.swift; sourceTree = "<group>"; };
		B5818F272566919A00C6B7F0 /* EmojiMemoryGameView.swift */ = {isa = PBXFileReference; lastKnownFileType = sourcecode.swift; path = EmojiMemoryGameView.swift; sourceTree = "<group>"; };
		B5818F292566919B00C6B7F0 /* Assets.xcassets */ = {isa = PBXFileReference; lastKnownFileType = folder.assetcatalog; path = Assets.xcassets; sourceTree = "<group>"; };
		B5818F2C2566919B00C6B7F0 /* Preview Assets.xcassets */ = {isa = PBXFileReference; lastKnownFileType = folder.assetcatalog; path = "Preview Assets.xcassets"; sourceTree = "<group>"; };
		B5818F2E2566919B00C6B7F0 /* Info.plist */ = {isa = PBXFileReference; lastKnownFileType = text.plist.xml; path = Info.plist; sourceTree = "<group>"; };
/* End PBXFileReference section */

/* Begin PBXFrameworksBuildPhase section */
		B5818F1F2566919A00C6B7F0 /* Frameworks */ = {
			isa = PBXFrameworksBuildPhase;
			buildActionMask = 2147483647;
			files = (
			);
			runOnlyForDeploymentPostprocessing = 0;
		};
/* End PBXFrameworksBuildPhase section */

/* Begin PBXGroup section */
		B5818F192566919A00C6B7F0 = {
			isa = PBXGroup;
			children = (
				B5818F242566919A00C6B7F0 /* Memorize */,
				B5818F232566919A00C6B7F0 /* Products */,
			);
			sourceTree = "<group>";
		};
		B5818F232566919A00C6B7F0 /* Products */ = {
			isa = PBXGroup;
			children = (
				B5818F222566919A00C6B7F0 /* Memorize.app */,
			);
			name = Products;
			sourceTree = "<group>";
		};
		B5818F242566919A00C6B7F0 /* Memorize */ = {
			isa = PBXGroup;
			children = (
				B5818F252566919A00C6B7F0 /* MemorizeApp.swift */,
				B5818F272566919A00C6B7F0 /* EmojiMemoryGameView.swift */,
				B5700658257EA84D00CBF92A /* Cardify.swift */,
				B5700655257E889C00CBF92A /* Pie.swift */,
				B51BF952256ED10900B95E0D /* Grid.swift */,
				B51BF95C256EDF6000B95E0D /* Array+Identifiable.swift */,
				B51BF959256ED7A500B95E0D /* GridLayout.swift */,
				B51BF8C4256C349B00B95E0D /* MemoryGame.swift */,
				B57A20DC257167DB003B4014 /* Array+Only.swift */,
				B51BF8C7256C36B400B95E0D /* EmojiMemoryGame.swift */,
				B5818F292566919B00C6B7F0 /* Assets.xcassets */,
				B5818F2E2566919B00C6B7F0 /* Info.plist */,
				B5818F2B2566919B00C6B7F0 /* Preview Content */,
			);
			path = Memorize;
			sourceTree = "<group>";
		};
		B5818F2B2566919B00C6B7F0 /* Preview Content */ = {
			isa = PBXGroup;
			children = (
				B5818F2C2566919B00C6B7F0 /* Preview Assets.xcassets */,
			);
			path = "Preview Content";
			sourceTree = "<group>";
		};
/* End PBXGroup section */

/* Begin PBXNativeTarget section */
		B5818F212566919A00C6B7F0 /* Memorize */ = {
			isa = PBXNativeTarget;
			buildConfigurationList = B5818F312566919B00C6B7F0 /* Build configuration list for PBXNativeTarget "Memorize" */;
			buildPhases = (
				B5818F1E2566919A00C6B7F0 /* Sources */,
				B5818F1F2566919A00C6B7F0 /* Frameworks */,
				B5818F202566919A00C6B7F0 /* Resources */,
			);
			buildRules = (
			);
			dependencies = (
			);
			name = Memorize;
			productName = Memorize;
			productReference = B5818F222566919A00C6B7F0 /* Memorize.app */;
			productType = "com.apple.product-type.application";
		};
/* End PBXNativeTarget section */

/* Begin PBXProject section */
		B5818F1A2566919A00C6B7F0 /* Project object */ = {
			isa = PBXProject;
			attributes = {
				LastSwiftUpdateCheck = 1200;
				LastUpgradeCheck = 1200;
				TargetAttributes = {
					B5818F212566919A00C6B7F0 = {
						CreatedOnToolsVersion = 12.0.1;
					};
				};
			};
			buildConfigurationList = B5818F1D2566919A00C6B7F0 /* Build configuration list for PBXProject "Memorize" */;
			compatibilityVersion = "Xcode 9.3";
			developmentRegion = en;
			hasScannedForEncodings = 0;
			knownRegions = (
				en,
				Base,
			);
			mainGroup = B5818F192566919A00C6B7F0;
			productRefGroup = B5818F232566919A00C6B7F0 /* Products */;
			projectDirPath = "";
			projectRoot = "";
			targets = (
				B5818F212566919A00C6B7F0 /* Memorize */,
			);
		};
/* End PBXProject section */

/* Begin PBXResourcesBuildPhase section */
		B5818F202566919A00C6B7F0 /* Resources */ = {
			isa = PBXResourcesBuildPhase;
			buildActionMask = 2147483647;
			files = (
				B5818F2D2566919B00C6B7F0 /* Preview Assets.xcassets in Resources */,
				B5818F2A2566919B00C6B7F0 /* Assets.xcassets in Resources */,
			);
			runOnlyForDeploymentPostprocessing = 0;
		};
/* End PBXResourcesBuildPhase section */

/* Begin PBXSourcesBuildPhase section */
		B5818F1E2566919A00C6B7F0 /* Sources */ = {
			isa = PBXSourcesBuildPhase;
			buildActionMask = 2147483647;
			files = (
				B51BF8C5256C349B00B95E0D /* MemoryGame.swift in Sources */,
				B5818F282566919A00C6B7F0 /* EmojiMemoryGameView.swift in Sources */,
				B5818F262566919A00C6B7F0 /* MemorizeApp.swift in Sources */,
				B5700656257E889C00CBF92A /* Pie.swift in Sources */,
				B51BF95A256ED7A500B95E0D /* GridLayout.swift in Sources */,
				B51BF953256ED10900B95E0D /* Grid.swift in Sources */,
				B51BF95D256EDF6000B95E0D /* Array+Identifiable.swift in Sources */,
				B51BF8C8256C36B400B95E0D /* EmojiMemoryGame.swift in Sources */,
				B5700659257EA84D00CBF92A /* Cardify.swift in Sources */,
				B57A20DD257167DB003B4014 /* Array+Only.swift in Sources */,
			);
			runOnlyForDeploymentPostprocessing = 0;
		};
/* End PBXSourcesBuildPhase section */

/* Begin XCBuildConfiguration section */
		B5818F2F2566919B00C6B7F0 /* Debug */ = {
			isa = XCBuildConfiguration;
			buildSettings = {
				ALWAYS_SEARCH_USER_PATHS = NO;
				CLANG_ANALYZER_NONNULL = YES;
				CLANG_ANALYZER_NUMBER_OBJECT_CONVERSION = YES_AGGRESSIVE;
				CLANG_CXX_LANGUAGE_STANDARD = "gnu++14";
				CLANG_CXX_LIBRARY = "libc++";
				CLANG_ENABLE_MODULES = YES;
				CLANG_ENABLE_OBJC_ARC = YES;
				CLANG_ENABLE_OBJC_WEAK = YES;
				CLANG_WARN_BLOCK_CAPTURE_AUTORELEASING = YES;
				CLANG_WARN_BOOL_CONVERSION = YES;
				CLANG_WARN_COMMA = YES;
				CLANG_WARN_CONSTANT_CONVERSION = YES;
				CLANG_WARN_DEPRECATED_OBJC_IMPLEMENTATIONS = YES;
				CLANG_WARN_DIRECT_OBJC_ISA_USAGE = YES_ERROR;
				CLANG_WARN_DOCUMENTATION_COMMENTS = YES;
				CLANG_WARN_EMPTY_BODY = YES;
				CLANG_WARN_ENUM_CONVERSION = YES;
				CLANG_WARN_INFINITE_RECURSION = YES;
				CLANG_WARN_INT_CONVERSION = YES;
				CLANG_WARN_NON_LITERAL_NULL_CONVERSION = YES;
				CLANG_WARN_OBJC_IMPLICIT_RETAIN_SELF = YES;
				CLANG_WARN_OBJC_LITERAL_CONVERSION = YES;
				CLANG_WARN_OBJC_ROOT_CLASS = YES_ERROR;
				CLANG_WARN_QUOTED_INCLUDE_IN_FRAMEWORK_HEADER = YES;
				CLANG_WARN_RANGE_LOOP_ANALYSIS = YES;
				CLANG_WARN_STRICT_PROTOTYPES = YES;
				CLANG_WARN_SUSPICIOUS_MOVE = YES;
				CLANG_WARN_UNGUARDED_AVAILABILITY = YES_AGGRESSIVE;
				CLANG_WARN_UNREACHABLE_CODE = YES;
				CLANG_WARN__DUPLICATE_METHOD_MATCH = YES;
				COPY_PHASE_STRIP = NO;
				DEBUG_INFORMATION_FORMAT = dwarf;
				ENABLE_STRICT_OBJC_MSGSEND = YES;
				ENABLE_TESTABILITY = YES;
				GCC_C_LANGUAGE_STANDARD = gnu11;
				GCC_DYNAMIC_NO_PIC = NO;
				GCC_NO_COMMON_BLOCKS = YES;
				GCC_OPTIMIZATION_LEVEL = 0;
				GCC_PREPROCESSOR_DEFINITIONS = (
					"DEBUG=1",
					"$(inherited)",
				);
				GCC_WARN_64_TO_32_BIT_CONVERSION = YES;
				GCC_WARN_ABOUT_RETURN_TYPE = YES_ERROR;
				GCC_WARN_UNDECLARED_SELECTOR = YES;
				GCC_WARN_UNINITIALIZED_AUTOS = YES_AGGRESSIVE;
				GCC_WARN_UNUSED_FUNCTION = YES;
				GCC_WARN_UNUSED_VARIABLE = YES;
				IPHONEOS_DEPLOYMENT_TARGET = 14.0;
				MTL_ENABLE_DEBUG_INFO = INCLUDE_SOURCE;
				MTL_FAST_MATH = YES;
				ONLY_ACTIVE_ARCH = YES;
				SDKROOT = iphoneos;
				SWIFT_ACTIVE_COMPILATION_CONDITIONS = DEBUG;
				SWIFT_OPTIMIZATION_LEVEL = "-Onone";
			};
			name = Debug;
		};
		B5818F302566919B00C6B7F0 /* Release */ = {
			isa = XCBuildConfiguration;
			buildSettings = {
				ALWAYS_SEARCH_USER_PATHS = NO;
				CLANG_ANALYZER_NONNULL = YES;
				CLANG_ANALYZER_NUMBER_OBJECT_CONVERSION = YES_AGGRESSIVE;
				CLANG_CXX_LANGUAGE_STANDARD = "gnu++14";
				CLANG_CXX_LIBRARY = "libc++";
				CLANG_ENABLE_MODULES = YES;
				CLANG_ENABLE_OBJC_ARC = YES;
				CLANG_ENABLE_OBJC_WEAK = YES;
				CLANG_WARN_BLOCK_CAPTURE_AUTORELEASING = YES;
				CLANG_WARN_BOOL_CONVERSION = YES;
				CLANG_WARN_COMMA = YES;
				CLANG_WARN_CONSTANT_CONVERSION = YES;
				CLANG_WARN_DEPRECATED_OBJC_IMPLEMENTATIONS = YES;
				CLANG_WARN_DIRECT_OBJC_ISA_USAGE = YES_ERROR;
				CLANG_WARN_DOCUMENTATION_COMMENTS = YES;
				CLANG_WARN_EMPTY_BODY = YES;
				CLANG_WARN_ENUM_CONVERSION = YES;
				CLANG_WARN_INFINITE_RECURSION = YES;
				CLANG_WARN_INT_CONVERSION = YES;
				CLANG_WARN_NON_LITERAL_NULL_CONVERSION = YES;
				CLANG_WARN_OBJC_IMPLICIT_RETAIN_SELF = YES;
				CLANG_WARN_OBJC_LITERAL_CONVERSION = YES;
				CLANG_WARN_OBJC_ROOT_CLASS = YES_ERROR;
				CLANG_WARN_QUOTED_INCLUDE_IN_FRAMEWORK_HEADER = YES;
				CLANG_WARN_RANGE_LOOP_ANALYSIS = YES;
				CLANG_WARN_STRICT_PROTOTYPES = YES;
				CLANG_WARN_SUSPICIOUS_MOVE = YES;
				CLANG_WARN_UNGUARDED_AVAILABILITY = YES_AGGRESSIVE;
				CLANG_WARN_UNREACHABLE_CODE = YES;
				CLANG_WARN__DUPLICATE_METHOD_MATCH = YES;
				COPY_PHASE_STRIP = NO;
				DEBUG_INFORMATION_FORMAT = "dwarf-with-dsym";
				ENABLE_NS_ASSERTIONS = NO;
				ENABLE_STRICT_OBJC_MSGSEND = YES;
				GCC_C_LANGUAGE_STANDARD = gnu11;
				GCC_NO_COMMON_BLOCKS = YES;
				GCC_WARN_64_TO_32_BIT_CONVERSION = YES;
				GCC_WARN_ABOUT_RETURN_TYPE = YES_ERROR;
				GCC_WARN_UNDECLARED_SELECTOR = YES;
				GCC_WARN_UNINITIALIZED_AUTOS = YES_AGGRESSIVE;
				GCC_WARN_UNUSED_FUNCTION = YES;
				GCC_WARN_UNUSED_VARIABLE = YES;
				IPHONEOS_DEPLOYMENT_TARGET = 14.0;
				MTL_ENABLE_DEBUG_INFO = NO;
				MTL_FAST_MATH = YES;
				SDKROOT = iphoneos;
				SWIFT_COMPILATION_MODE = wholemodule;
				SWIFT_OPTIMIZATION_LEVEL = "-O";
				VALIDATE_PRODUCT = YES;
			};
			name = Release;
		};
		B5818F322566919B00C6B7F0 /* Debug */ = {
			isa = XCBuildConfiguration;
			buildSettings = {
				ASSETCATALOG_COMPILER_APPICON_NAME = AppIcon;
				ASSETCATALOG_COMPILER_GLOBAL_ACCENT_COLOR_NAME = AccentColor;
				CODE_SIGN_STYLE = Automatic;
				DEVELOPMENT_ASSET_PATHS = "\"Memorize/Preview Content\"";
				ENABLE_PREVIEWS = YES;
				INFOPLIST_FILE = Memorize/Info.plist;
				IPHONEOS_DEPLOYMENT_TARGET = 14.0;
				LD_RUNPATH_SEARCH_PATHS = (
					"$(inherited)",
					"@executable_path/Frameworks",
				);
				PRODUCT_BUNDLE_IDENTIFIER = "k-yudin.Memorize";
				PRODUCT_NAME = "$(TARGET_NAME)";
				SWIFT_VERSION = 5.0;
				TARGETED_DEVICE_FAMILY = "1,2";
			};
			name = Debug;
		};
		B5818F332566919B00C6B7F0 /* Release */ = {
			isa = XCBuildConfiguration;
			buildSettings = {
				ASSETCATALOG_COMPILER_APPICON_NAME = AppIcon;
				ASSETCATALOG_COMPILER_GLOBAL_ACCENT_COLOR_NAME = AccentColor;
				CODE_SIGN_STYLE = Automatic;
				DEVELOPMENT_ASSET_PATHS = "\"Memorize/Preview Content\"";
				ENABLE_PREVIEWS = YES;
				INFOPLIST_FILE = Memorize/Info.plist;
				IPHONEOS_DEPLOYMENT_TARGET = 14.0;
				LD_RUNPATH_SEARCH_PATHS = (
					"$(inherited)",
					"@executable_path/Frameworks",
				);
				PRODUCT_BUNDLE_IDENTIFIER = "k-yudin.Memorize";
				PRODUCT_NAME = "$(TARGET_NAME)";
				SWIFT_VERSION = 5.0;
				TARGETED_DEVICE_FAMILY = "1,2";
			};
			name = Release;
		};
/* End XCBuildConfiguration section */

/* Begin XCConfigurationList section */
		B5818F1D2566919A00C6B7F0 /* Build configuration list for PBXProject "Memorize" */ = {
			isa = XCConfigurationList;
			buildConfigurations = (
				B5818F2F2566919B00C6B7F0 /* Debug */,
				B5818F302566919B00C6B7F0 /* Release */,
			);
			defaultConfigurationIsVisible = 0;
			defaultConfigurationName = Release;
		};
		B5818F312566919B00C6B7F0 /* Build configuration list for PBXNativeTarget "Memorize" */ = {
			isa = XCConfigurationList;
			buildConfigurations = (
				B5818F322566919B00C6B7F0 /* Debug */,
				B5818F332566919B00C6B7F0 /* Release */,
			);
			defaultConfigurationIsVisible = 0;
			defaultConfigurationName = Release;
		};
/* End XCConfigurationList section */
	};
	rootObject = B5818F1A2566919A00C6B7F0 /* Project object */;
}
